// !$*UTF8*$!
{
	archiveVersion = 1;
	classes = {
	};
	objectVersion = 46;
	objects = {

/* Begin PBXBuildFile section */
		303C85611C1118D50003884F /* SquareImage.swift in Sources */ = {isa = PBXBuildFile; fileRef = 303C85601C1118D50003884F /* SquareImage.swift */; };
		30E999B51C0A1F4E0064C870 /* Main.storyboard in Resources */ = {isa = PBXBuildFile; fileRef = 30F578D21BCF747A00656142 /* Main.storyboard */; };
		30E999C01C0A215F0064C870 /* Assets.xcassets in Resources */ = {isa = PBXBuildFile; fileRef = 30E999B91C0A215F0064C870 /* Assets.xcassets */; };
		30E999C11C0A215F0064C870 /* canary.wav in Resources */ = {isa = PBXBuildFile; fileRef = 30E999BB1C0A215F0064C870 /* canary.wav */; };
		30E999C21C0A215F0064C870 /* intro.mp4 in Resources */ = {isa = PBXBuildFile; fileRef = 30E999BD1C0A215F0064C870 /* intro.mp4 */; };
		30E999C31C0A215F0064C870 /* IntroductionVideoViewController.swift in Sources */ = {isa = PBXBuildFile; fileRef = 30E999BE1C0A215F0064C870 /* IntroductionVideoViewController.swift */; };
		30E999F81C0A293D0064C870 /* FMDatabase.m in Sources */ = {isa = PBXBuildFile; fileRef = 30E999ED1C0A293D0064C870 /* FMDatabase.m */; };
		30E999F91C0A293D0064C870 /* FMDatabaseAdditions.m in Sources */ = {isa = PBXBuildFile; fileRef = 30E999EF1C0A293D0064C870 /* FMDatabaseAdditions.m */; };
		30E999FA1C0A293D0064C870 /* FMDatabasePool.m in Sources */ = {isa = PBXBuildFile; fileRef = 30E999F11C0A293D0064C870 /* FMDatabasePool.m */; };
		30E999FB1C0A293D0064C870 /* FMDatabaseQueue.m in Sources */ = {isa = PBXBuildFile; fileRef = 30E999F31C0A293D0064C870 /* FMDatabaseQueue.m */; };
		30E999FC1C0A293D0064C870 /* FMResultSet.m in Sources */ = {isa = PBXBuildFile; fileRef = 30E999F61C0A293D0064C870 /* FMResultSet.m */; };
		30E99A171C0A2E8C0064C870 /* database.sqlite in Resources */ = {isa = PBXBuildFile; fileRef = 30E99A131C0A2E8C0064C870 /* database.sqlite */; };
		30E99A191C0A2E8C0064C870 /* Plist.swift in Sources */ = {isa = PBXBuildFile; fileRef = 30E99A151C0A2E8C0064C870 /* Plist.swift */; };
		30E99A1A1C0A2E8C0064C870 /* Subscription.plist in Resources */ = {isa = PBXBuildFile; fileRef = 30E99A161C0A2E8C0064C870 /* Subscription.plist */; };
		30E99A1C1C0A41140064C870 /* libsqlite3.0.tbd in Frameworks */ = {isa = PBXBuildFile; fileRef = 30E99A1B1C0A41140064C870 /* libsqlite3.0.tbd */; };
		30E99A3C1C0A49C40064C870 /* ReaderTableViewController.swift in Sources */ = {isa = PBXBuildFile; fileRef = 30E99A311C0A49C40064C870 /* ReaderTableViewController.swift */; };
		30E99A3D1C0A49C40064C870 /* Feed.swift in Sources */ = {isa = PBXBuildFile; fileRef = 30E99A331C0A49C40064C870 /* Feed.swift */; };
		30E99A3E1C0A49C40064C870 /* FeedLoader.swift in Sources */ = {isa = PBXBuildFile; fileRef = 30E99A351C0A49C40064C870 /* FeedLoader.swift */; };
		30E99A3F1C0A49C40064C870 /* XMLParser.swift in Sources */ = {isa = PBXBuildFile; fileRef = 30E99A361C0A49C40064C870 /* XMLParser.swift */; };
		30E99A401C0A49C40064C870 /* RSSAllTableViewCell.swift in Sources */ = {isa = PBXBuildFile; fileRef = 30E99A381C0A49C40064C870 /* RSSAllTableViewCell.swift */; };
		30E99A421C0A49C40064C870 /* webview.swift in Sources */ = {isa = PBXBuildFile; fileRef = 30E99A3A1C0A49C40064C870 /* webview.swift */; };
		30E99A431C0A49C40064C870 /* WebViewController.swift in Sources */ = {isa = PBXBuildFile; fileRef = 30E99A3B1C0A49C40064C870 /* WebViewController.swift */; };
		30E99A4A1C0A4AD70064C870 /* StringExtension.swift in Sources */ = {isa = PBXBuildFile; fileRef = 30E99A481C0A4AD70064C870 /* StringExtension.swift */; };
		30E99A511C0A4B7E0064C870 /* FavoriteTableViewController.swift in Sources */ = {isa = PBXBuildFile; fileRef = 30E99A4E1C0A4B7E0064C870 /* FavoriteTableViewController.swift */; };
		30E99A521C0A4B7E0064C870 /* FavoriteManager.swift in Sources */ = {isa = PBXBuildFile; fileRef = 30E99A501C0A4B7E0064C870 /* FavoriteManager.swift */; };
		30E99A721C0A53490064C870 /* NewSubscriptionViewController.swift in Sources */ = {isa = PBXBuildFile; fileRef = 30E99A681C0A53490064C870 /* NewSubscriptionViewController.swift */; };
		30E99A731C0A53490064C870 /* SubscriptionTableViewController.swift in Sources */ = {isa = PBXBuildFile; fileRef = 30E99A691C0A53490064C870 /* SubscriptionTableViewController.swift */; };
		30E99A741C0A53490064C870 /* ModelManager.swift in Sources */ = {isa = PBXBuildFile; fileRef = 30E99A6B1C0A53490064C870 /* ModelManager.swift */; };
		30E99A761C0A53490064C870 /* Subscription.swift in Sources */ = {isa = PBXBuildFile; fileRef = 30E99A6E1C0A53490064C870 /* Subscription.swift */; };
		30E99A771C0A53490064C870 /* Subscriptions.swift in Sources */ = {isa = PBXBuildFile; fileRef = 30E99A6F1C0A53490064C870 /* Subscriptions.swift */; };
		30E99A781C0A53490064C870 /* SubscriptionTableViewCell.swift in Sources */ = {isa = PBXBuildFile; fileRef = 30E99A711C0A53490064C870 /* SubscriptionTableViewCell.swift */; };
		30E99A7A1C0A53B10064C870 /* Util.swift in Sources */ = {isa = PBXBuildFile; fileRef = 30E99A791C0A53B10064C870 /* Util.swift */; };
		30F578CF1BCF747A00656142 /* AppDelegate.swift in Sources */ = {isa = PBXBuildFile; fileRef = 30F578CE1BCF747A00656142 /* AppDelegate.swift */; };
		30F578D91BCF747A00656142 /* LaunchScreen.storyboard in Resources */ = {isa = PBXBuildFile; fileRef = 30F578D71BCF747A00656142 /* LaunchScreen.storyboard */; };
		30F578E41BCF747A00656142 /* RSSReaderTests.swift in Sources */ = {isa = PBXBuildFile; fileRef = 30F578E31BCF747A00656142 /* RSSReaderTests.swift */; };
		30F578EF1BCF747A00656142 /* RSSReaderUITests.swift in Sources */ = {isa = PBXBuildFile; fileRef = 30F578EE1BCF747A00656142 /* RSSReaderUITests.swift */; };
/* End PBXBuildFile section */

/* Begin PBXContainerItemProxy section */
		30F578E01BCF747A00656142 /* PBXContainerItemProxy */ = {
			isa = PBXContainerItemProxy;
			containerPortal = 30F578C31BCF747A00656142 /* Project object */;
			proxyType = 1;
			remoteGlobalIDString = 30F578CA1BCF747A00656142;
			remoteInfo = RSSReader;
		};
		30F578EB1BCF747A00656142 /* PBXContainerItemProxy */ = {
			isa = PBXContainerItemProxy;
			containerPortal = 30F578C31BCF747A00656142 /* Project object */;
			proxyType = 1;
			remoteGlobalIDString = 30F578CA1BCF747A00656142;
			remoteInfo = RSSReader;
		};
/* End PBXContainerItemProxy section */

/* Begin PBXFileReference section */
		303C85601C1118D50003884F /* SquareImage.swift */ = {isa = PBXFileReference; fileEncoding = 4; lastKnownFileType = sourcecode.swift; path = SquareImage.swift; sourceTree = "<group>"; };
		30E999B91C0A215F0064C870 /* Assets.xcassets */ = {isa = PBXFileReference; lastKnownFileType = folder.assetcatalog; path = Assets.xcassets; sourceTree = "<group>"; };
		30E999BB1C0A215F0064C870 /* canary.wav */ = {isa = PBXFileReference; lastKnownFileType = audio.wav; path = canary.wav; sourceTree = "<group>"; };
		30E999BD1C0A215F0064C870 /* intro.mp4 */ = {isa = PBXFileReference; lastKnownFileType = file; path = intro.mp4; sourceTree = "<group>"; };
		30E999BE1C0A215F0064C870 /* IntroductionVideoViewController.swift */ = {isa = PBXFileReference; fileEncoding = 4; lastKnownFileType = sourcecode.swift; path = IntroductionVideoViewController.swift; sourceTree = "<group>"; };
		30E999EC1C0A293D0064C870 /* FMDatabase.h */ = {isa = PBXFileReference; fileEncoding = 4; lastKnownFileType = sourcecode.c.h; path = FMDatabase.h; sourceTree = "<group>"; };
		30E999ED1C0A293D0064C870 /* FMDatabase.m */ = {isa = PBXFileReference; fileEncoding = 4; lastKnownFileType = sourcecode.c.objc; path = FMDatabase.m; sourceTree = "<group>"; };
		30E999EE1C0A293D0064C870 /* FMDatabaseAdditions.h */ = {isa = PBXFileReference; fileEncoding = 4; lastKnownFileType = sourcecode.c.h; path = FMDatabaseAdditions.h; sourceTree = "<group>"; };
		30E999EF1C0A293D0064C870 /* FMDatabaseAdditions.m */ = {isa = PBXFileReference; fileEncoding = 4; lastKnownFileType = sourcecode.c.objc; path = FMDatabaseAdditions.m; sourceTree = "<group>"; };
		30E999F01C0A293D0064C870 /* FMDatabasePool.h */ = {isa = PBXFileReference; fileEncoding = 4; lastKnownFileType = sourcecode.c.h; path = FMDatabasePool.h; sourceTree = "<group>"; };
		30E999F11C0A293D0064C870 /* FMDatabasePool.m */ = {isa = PBXFileReference; fileEncoding = 4; lastKnownFileType = sourcecode.c.objc; path = FMDatabasePool.m; sourceTree = "<group>"; };
		30E999F21C0A293D0064C870 /* FMDatabaseQueue.h */ = {isa = PBXFileReference; fileEncoding = 4; lastKnownFileType = sourcecode.c.h; path = FMDatabaseQueue.h; sourceTree = "<group>"; };
		30E999F31C0A293D0064C870 /* FMDatabaseQueue.m */ = {isa = PBXFileReference; fileEncoding = 4; lastKnownFileType = sourcecode.c.objc; path = FMDatabaseQueue.m; sourceTree = "<group>"; };
		30E999F41C0A293D0064C870 /* FMDB.h */ = {isa = PBXFileReference; fileEncoding = 4; lastKnownFileType = sourcecode.c.h; path = FMDB.h; sourceTree = "<group>"; };
		30E999F51C0A293D0064C870 /* FMResultSet.h */ = {isa = PBXFileReference; fileEncoding = 4; lastKnownFileType = sourcecode.c.h; path = FMResultSet.h; sourceTree = "<group>"; };
		30E999F61C0A293D0064C870 /* FMResultSet.m */ = {isa = PBXFileReference; fileEncoding = 4; lastKnownFileType = sourcecode.c.objc; path = FMResultSet.m; sourceTree = "<group>"; };
		30E999F71C0A293D0064C870 /* RSSReader-Bridging-Header.h */ = {isa = PBXFileReference; fileEncoding = 4; lastKnownFileType = sourcecode.c.h; path = "RSSReader-Bridging-Header.h"; sourceTree = "<group>"; };
		30E99A131C0A2E8C0064C870 /* database.sqlite */ = {isa = PBXFileReference; lastKnownFileType = file; path = database.sqlite; sourceTree = "<group>"; };
		30E99A141C0A2E8C0064C870 /* Info.plist */ = {isa = PBXFileReference; fileEncoding = 4; lastKnownFileType = text.plist.xml; path = Info.plist; sourceTree = "<group>"; };
		30E99A151C0A2E8C0064C870 /* Plist.swift */ = {isa = PBXFileReference; fileEncoding = 4; lastKnownFileType = sourcecode.swift; path = Plist.swift; sourceTree = "<group>"; };
		30E99A161C0A2E8C0064C870 /* Subscription.plist */ = {isa = PBXFileReference; fileEncoding = 4; lastKnownFileType = text.plist.xml; path = Subscription.plist; sourceTree = "<group>"; };
		30E99A1B1C0A41140064C870 /* libsqlite3.0.tbd */ = {isa = PBXFileReference; lastKnownFileType = "sourcecode.text-based-dylib-definition"; name = libsqlite3.0.tbd; path = usr/lib/libsqlite3.0.tbd; sourceTree = SDKROOT; };
		30E99A311C0A49C40064C870 /* ReaderTableViewController.swift */ = {isa = PBXFileReference; fileEncoding = 4; lastKnownFileType = sourcecode.swift; path = ReaderTableViewController.swift; sourceTree = "<group>"; };
		30E99A331C0A49C40064C870 /* Feed.swift */ = {isa = PBXFileReference; fileEncoding = 4; lastKnownFileType = sourcecode.swift; path = Feed.swift; sourceTree = "<group>"; };
		30E99A351C0A49C40064C870 /* FeedLoader.swift */ = {isa = PBXFileReference; fileEncoding = 4; lastKnownFileType = sourcecode.swift; path = FeedLoader.swift; sourceTree = "<group>"; };
		30E99A361C0A49C40064C870 /* XMLParser.swift */ = {isa = PBXFileReference; fileEncoding = 4; lastKnownFileType = sourcecode.swift; path = XMLParser.swift; sourceTree = "<group>"; };
		30E99A381C0A49C40064C870 /* RSSAllTableViewCell.swift */ = {isa = PBXFileReference; fileEncoding = 4; lastKnownFileType = sourcecode.swift; path = RSSAllTableViewCell.swift; sourceTree = "<group>"; };
		30E99A3A1C0A49C40064C870 /* webview.swift */ = {isa = PBXFileReference; fileEncoding = 4; lastKnownFileType = sourcecode.swift; path = webview.swift; sourceTree = "<group>"; };
		30E99A3B1C0A49C40064C870 /* WebViewController.swift */ = {isa = PBXFileReference; fileEncoding = 4; lastKnownFileType = sourcecode.swift; path = WebViewController.swift; sourceTree = "<group>"; };
		30E99A481C0A4AD70064C870 /* StringExtension.swift */ = {isa = PBXFileReference; fileEncoding = 4; lastKnownFileType = sourcecode.swift; path = StringExtension.swift; sourceTree = "<group>"; };
		30E99A4E1C0A4B7E0064C870 /* FavoriteTableViewController.swift */ = {isa = PBXFileReference; fileEncoding = 4; lastKnownFileType = sourcecode.swift; path = FavoriteTableViewController.swift; sourceTree = "<group>"; };
		30E99A501C0A4B7E0064C870 /* FavoriteManager.swift */ = {isa = PBXFileReference; fileEncoding = 4; lastKnownFileType = sourcecode.swift; path = FavoriteManager.swift; sourceTree = "<group>"; };
		30E99A681C0A53490064C870 /* NewSubscriptionViewController.swift */ = {isa = PBXFileReference; fileEncoding = 4; lastKnownFileType = sourcecode.swift; path = NewSubscriptionViewController.swift; sourceTree = "<group>"; };
		30E99A691C0A53490064C870 /* SubscriptionTableViewController.swift */ = {isa = PBXFileReference; fileEncoding = 4; lastKnownFileType = sourcecode.swift; path = SubscriptionTableViewController.swift; sourceTree = "<group>"; };
		30E99A6B1C0A53490064C870 /* ModelManager.swift */ = {isa = PBXFileReference; fileEncoding = 4; lastKnownFileType = sourcecode.swift; path = ModelManager.swift; sourceTree = "<group>"; };
		30E99A6E1C0A53490064C870 /* Subscription.swift */ = {isa = PBXFileReference; fileEncoding = 4; lastKnownFileType = sourcecode.swift; path = Subscription.swift; sourceTree = "<group>"; };
		30E99A6F1C0A53490064C870 /* Subscriptions.swift */ = {isa = PBXFileReference; fileEncoding = 4; lastKnownFileType = sourcecode.swift; path = Subscriptions.swift; sourceTree = "<group>"; };
		30E99A711C0A53490064C870 /* SubscriptionTableViewCell.swift */ = {isa = PBXFileReference; fileEncoding = 4; lastKnownFileType = sourcecode.swift; path = SubscriptionTableViewCell.swift; sourceTree = "<group>"; };
		30E99A791C0A53B10064C870 /* Util.swift */ = {isa = PBXFileReference; fileEncoding = 4; lastKnownFileType = sourcecode.swift; path = Util.swift; sourceTree = "<group>"; };
		30F578CB1BCF747A00656142 /* RSSReader.app */ = {isa = PBXFileReference; explicitFileType = wrapper.application; includeInIndex = 0; path = RSSReader.app; sourceTree = BUILT_PRODUCTS_DIR; };
		30F578CE1BCF747A00656142 /* AppDelegate.swift */ = {isa = PBXFileReference; lastKnownFileType = sourcecode.swift; name = AppDelegate.swift; path = Core/AppDelegate.swift; sourceTree = "<group>"; };
		30F578D31BCF747A00656142 /* Base */ = {isa = PBXFileReference; lastKnownFileType = file.storyboard; name = Base; path = Base.lproj/Main.storyboard; sourceTree = "<group>"; };
		30F578D81BCF747A00656142 /* Base */ = {isa = PBXFileReference; lastKnownFileType = file.storyboard; name = Base; path = Base.lproj/LaunchScreen.storyboard; sourceTree = "<group>"; };
		30F578DF1BCF747A00656142 /* RSSReaderTests.xctest */ = {isa = PBXFileReference; explicitFileType = wrapper.cfbundle; includeInIndex = 0; path = RSSReaderTests.xctest; sourceTree = BUILT_PRODUCTS_DIR; };
		30F578E31BCF747A00656142 /* RSSReaderTests.swift */ = {isa = PBXFileReference; lastKnownFileType = sourcecode.swift; path = RSSReaderTests.swift; sourceTree = "<group>"; };
		30F578E51BCF747A00656142 /* Info.plist */ = {isa = PBXFileReference; lastKnownFileType = text.plist.xml; path = Info.plist; sourceTree = "<group>"; };
		30F578EA1BCF747A00656142 /* RSSReaderUITests.xctest */ = {isa = PBXFileReference; explicitFileType = wrapper.cfbundle; includeInIndex = 0; path = RSSReaderUITests.xctest; sourceTree = BUILT_PRODUCTS_DIR; };
		30F578EE1BCF747A00656142 /* RSSReaderUITests.swift */ = {isa = PBXFileReference; lastKnownFileType = sourcecode.swift; path = RSSReaderUITests.swift; sourceTree = "<group>"; };
		30F578F01BCF747A00656142 /* Info.plist */ = {isa = PBXFileReference; lastKnownFileType = text.plist.xml; path = Info.plist; sourceTree = "<group>"; };
/* End PBXFileReference section */

/* Begin PBXFrameworksBuildPhase section */
		30F578C81BCF747A00656142 /* Frameworks */ = {
			isa = PBXFrameworksBuildPhase;
			buildActionMask = 2147483647;
			files = (
				30E99A1C1C0A41140064C870 /* libsqlite3.0.tbd in Frameworks */,
			);
			runOnlyForDeploymentPostprocessing = 0;
		};
		30F578DC1BCF747A00656142 /* Frameworks */ = {
			isa = PBXFrameworksBuildPhase;
			buildActionMask = 2147483647;
			files = (
			);
			runOnlyForDeploymentPostprocessing = 0;
		};
		30F578E71BCF747A00656142 /* Frameworks */ = {
			isa = PBXFrameworksBuildPhase;
			buildActionMask = 2147483647;
			files = (
			);
			runOnlyForDeploymentPostprocessing = 0;
		};
/* End PBXFrameworksBuildPhase section */

/* Begin PBXGroup section */
		30999D251BDD7BD800E8CB7B /* Core */ = {
			isa = PBXGroup;
			children = (
				30F578D21BCF747A00656142 /* Main.storyboard */,
				30F578D71BCF747A00656142 /* LaunchScreen.storyboard */,
				30F578CE1BCF747A00656142 /* AppDelegate.swift */,
			);
			name = Core;
			sourceTree = "<group>";
		};
		30E999B81C0A215F0064C870 /* Resource */ = {
			isa = PBXGroup;
			children = (
				30E999B91C0A215F0064C870 /* Assets.xcassets */,
				30E999BA1C0A215F0064C870 /* Audio */,
				30E999BC1C0A215F0064C870 /* Video */,
			);
			path = Resource;
			sourceTree = "<group>";
		};
		30E999BA1C0A215F0064C870 /* Audio */ = {
			isa = PBXGroup;
			children = (
				30E999BB1C0A215F0064C870 /* canary.wav */,
			);
			path = Audio;
			sourceTree = "<group>";
		};
		30E999BC1C0A215F0064C870 /* Video */ = {
			isa = PBXGroup;
			children = (
				30E999BD1C0A215F0064C870 /* intro.mp4 */,
				30E999BE1C0A215F0064C870 /* IntroductionVideoViewController.swift */,
			);
			path = Video;
			sourceTree = "<group>";
		};
		30E999EA1C0A293D0064C870 /* Library */ = {
			isa = PBXGroup;
			children = (
				30E999EB1C0A293D0064C870 /* fmdb */,
				30E999F71C0A293D0064C870 /* RSSReader-Bridging-Header.h */,
			);
			path = Library;
			sourceTree = "<group>";
		};
		30E999EB1C0A293D0064C870 /* fmdb */ = {
			isa = PBXGroup;
			children = (
				30E999EC1C0A293D0064C870 /* FMDatabase.h */,
				30E999ED1C0A293D0064C870 /* FMDatabase.m */,
				30E999EE1C0A293D0064C870 /* FMDatabaseAdditions.h */,
				30E999EF1C0A293D0064C870 /* FMDatabaseAdditions.m */,
				30E999F01C0A293D0064C870 /* FMDatabasePool.h */,
				30E999F11C0A293D0064C870 /* FMDatabasePool.m */,
				30E999F21C0A293D0064C870 /* FMDatabaseQueue.h */,
				30E999F31C0A293D0064C870 /* FMDatabaseQueue.m */,
				30E999F41C0A293D0064C870 /* FMDB.h */,
				30E999F51C0A293D0064C870 /* FMResultSet.h */,
				30E999F61C0A293D0064C870 /* FMResultSet.m */,
			);
			path = fmdb;
			sourceTree = "<group>";
		};
		30E99A121C0A2E8C0064C870 /* Data */ = {
			isa = PBXGroup;
			children = (
				30E99A1B1C0A41140064C870 /* libsqlite3.0.tbd */,
				30E99A131C0A2E8C0064C870 /* database.sqlite */,
				30E99A141C0A2E8C0064C870 /* Info.plist */,
				30E99A151C0A2E8C0064C870 /* Plist.swift */,
				30E99A161C0A2E8C0064C870 /* Subscription.plist */,
			);
			path = Data;
			sourceTree = "<group>";
		};
		30E99A2F1C0A49C40064C870 /* Reader */ = {
			isa = PBXGroup;
			children = (
				30E99A301C0A49C40064C870 /* Controller */,
				30E99A321C0A49C40064C870 /* Model */,
				30E99A341C0A49C40064C870 /* Service */,
				30E99A371C0A49C40064C870 /* View */,
			);
			path = Reader;
			sourceTree = "<group>";
		};
		30E99A301C0A49C40064C870 /* Controller */ = {
			isa = PBXGroup;
			children = (
				30E99A311C0A49C40064C870 /* ReaderTableViewController.swift */,
			);
			path = Controller;
			sourceTree = "<group>";
		};
		30E99A321C0A49C40064C870 /* Model */ = {
			isa = PBXGroup;
			children = (
				30E99A331C0A49C40064C870 /* Feed.swift */,
			);
			path = Model;
			sourceTree = "<group>";
		};
		30E99A341C0A49C40064C870 /* Service */ = {
			isa = PBXGroup;
			children = (
				30E99A351C0A49C40064C870 /* FeedLoader.swift */,
				30E99A361C0A49C40064C870 /* XMLParser.swift */,
			);
			path = Service;
			sourceTree = "<group>";
		};
		30E99A371C0A49C40064C870 /* View */ = {
			isa = PBXGroup;
			children = (
				30E99A381C0A49C40064C870 /* RSSAllTableViewCell.swift */,
				30E99A3A1C0A49C40064C870 /* webview.swift */,
				30E99A3B1C0A49C40064C870 /* WebViewController.swift */,
			);
			path = View;
			sourceTree = "<group>";
		};
		30E99A471C0A4AD70064C870 /* Utility */ = {
			isa = PBXGroup;
			children = (
				30E99A791C0A53B10064C870 /* Util.swift */,
				30E99A481C0A4AD70064C870 /* StringExtension.swift */,
				303C85601C1118D50003884F /* SquareImage.swift */,
			);
			path = Utility;
			sourceTree = "<group>";
		};
		30E99A4C1C0A4B7E0064C870 /* Favorite */ = {
			isa = PBXGroup;
			children = (
				30E99A4D1C0A4B7E0064C870 /* Controller */,
				30E99A4F1C0A4B7E0064C870 /* DAO */,
			);
			path = Favorite;
			sourceTree = "<group>";
		};
		30E99A4D1C0A4B7E0064C870 /* Controller */ = {
			isa = PBXGroup;
			children = (
				30E99A4E1C0A4B7E0064C870 /* FavoriteTableViewController.swift */,
			);
			path = Controller;
			sourceTree = "<group>";
		};
		30E99A4F1C0A4B7E0064C870 /* DAO */ = {
			isa = PBXGroup;
			children = (
				30E99A501C0A4B7E0064C870 /* FavoriteManager.swift */,
			);
			path = DAO;
			sourceTree = "<group>";
		};
		30E99A661C0A53490064C870 /* Subscription */ = {
			isa = PBXGroup;
			children = (
				30E99A671C0A53490064C870 /* Controller */,
				30E99A6A1C0A53490064C870 /* DAO */,
				30E99A6D1C0A53490064C870 /* Model */,
				30E99A701C0A53490064C870 /* View */,
			);
			path = Subscription;
			sourceTree = "<group>";
		};
		30E99A671C0A53490064C870 /* Controller */ = {
			isa = PBXGroup;
			children = (
				30E99A681C0A53490064C870 /* NewSubscriptionViewController.swift */,
				30E99A691C0A53490064C870 /* SubscriptionTableViewController.swift */,
			);
			path = Controller;
			sourceTree = "<group>";
		};
		30E99A6A1C0A53490064C870 /* DAO */ = {
			isa = PBXGroup;
			children = (
				30E99A6B1C0A53490064C870 /* ModelManager.swift */,
			);
			path = DAO;
			sourceTree = "<group>";
		};
		30E99A6D1C0A53490064C870 /* Model */ = {
			isa = PBXGroup;
			children = (
				30E99A6E1C0A53490064C870 /* Subscription.swift */,
				30E99A6F1C0A53490064C870 /* Subscriptions.swift */,
			);
			path = Model;
			sourceTree = "<group>";
		};
		30E99A701C0A53490064C870 /* View */ = {
			isa = PBXGroup;
			children = (
				30E99A711C0A53490064C870 /* SubscriptionTableViewCell.swift */,
			);
			path = View;
			sourceTree = "<group>";
		};
		30F578C21BCF747A00656142 = {
			isa = PBXGroup;
			children = (
				30F578CD1BCF747A00656142 /* RSSReader */,
				30F578E21BCF747A00656142 /* RSSReaderTests */,
				30F578ED1BCF747A00656142 /* RSSReaderUITests */,
				30F578CC1BCF747A00656142 /* Products */,
			);
			sourceTree = "<group>";
		};
		30F578CC1BCF747A00656142 /* Products */ = {
			isa = PBXGroup;
			children = (
				30F578CB1BCF747A00656142 /* RSSReader.app */,
				30F578DF1BCF747A00656142 /* RSSReaderTests.xctest */,
				30F578EA1BCF747A00656142 /* RSSReaderUITests.xctest */,
			);
			name = Products;
			sourceTree = "<group>";
		};
		30F578CD1BCF747A00656142 /* RSSReader */ = {
			isa = PBXGroup;
			children = (
				30999D251BDD7BD800E8CB7B /* Core */,
				30E99A121C0A2E8C0064C870 /* Data */,
				30E99A4C1C0A4B7E0064C870 /* Favorite */,
				30E999EA1C0A293D0064C870 /* Library */,
				30E99A2F1C0A49C40064C870 /* Reader */,
				30E999B81C0A215F0064C870 /* Resource */,
				30E99A661C0A53490064C870 /* Subscription */,
				30E99A471C0A4AD70064C870 /* Utility */,
			);
			path = RSSReader;
			sourceTree = "<group>";
		};
		30F578E21BCF747A00656142 /* RSSReaderTests */ = {
			isa = PBXGroup;
			children = (
				30F578E31BCF747A00656142 /* RSSReaderTests.swift */,
				30F578E51BCF747A00656142 /* Info.plist */,
			);
			path = RSSReaderTests;
			sourceTree = "<group>";
		};
		30F578ED1BCF747A00656142 /* RSSReaderUITests */ = {
			isa = PBXGroup;
			children = (
				30F578EE1BCF747A00656142 /* RSSReaderUITests.swift */,
				30F578F01BCF747A00656142 /* Info.plist */,
			);
			path = RSSReaderUITests;
			sourceTree = "<group>";
		};
/* End PBXGroup section */

/* Begin PBXNativeTarget section */
		30F578CA1BCF747A00656142 /* RSSReader */ = {
			isa = PBXNativeTarget;
			buildConfigurationList = 30F578F31BCF747A00656142 /* Build configuration list for PBXNativeTarget "RSSReader" */;
			buildPhases = (
				30F578C71BCF747A00656142 /* Sources */,
				30F578C81BCF747A00656142 /* Frameworks */,
				30F578C91BCF747A00656142 /* Resources */,
			);
			buildRules = (
			);
			dependencies = (
			);
			name = RSSReader;
			productName = RSSReader;
			productReference = 30F578CB1BCF747A00656142 /* RSSReader.app */;
			productType = "com.apple.product-type.application";
		};
		30F578DE1BCF747A00656142 /* RSSReaderTests */ = {
			isa = PBXNativeTarget;
			buildConfigurationList = 30F578F61BCF747A00656142 /* Build configuration list for PBXNativeTarget "RSSReaderTests" */;
			buildPhases = (
				30F578DB1BCF747A00656142 /* Sources */,
				30F578DC1BCF747A00656142 /* Frameworks */,
				30F578DD1BCF747A00656142 /* Resources */,
			);
			buildRules = (
			);
			dependencies = (
				30F578E11BCF747A00656142 /* PBXTargetDependency */,
			);
			name = RSSReaderTests;
			productName = RSSReaderTests;
			productReference = 30F578DF1BCF747A00656142 /* RSSReaderTests.xctest */;
			productType = "com.apple.product-type.bundle.unit-test";
		};
		30F578E91BCF747A00656142 /* RSSReaderUITests */ = {
			isa = PBXNativeTarget;
			buildConfigurationList = 30F578F91BCF747A00656142 /* Build configuration list for PBXNativeTarget "RSSReaderUITests" */;
			buildPhases = (
				30F578E61BCF747A00656142 /* Sources */,
				30F578E71BCF747A00656142 /* Frameworks */,
				30F578E81BCF747A00656142 /* Resources */,
			);
			buildRules = (
			);
			dependencies = (
				30F578EC1BCF747A00656142 /* PBXTargetDependency */,
			);
			name = RSSReaderUITests;
			productName = RSSReaderUITests;
			productReference = 30F578EA1BCF747A00656142 /* RSSReaderUITests.xctest */;
			productType = "com.apple.product-type.bundle.ui-testing";
		};
/* End PBXNativeTarget section */

/* Begin PBXProject section */
		30F578C31BCF747A00656142 /* Project object */ = {
			isa = PBXProject;
			attributes = {
				LastUpgradeCheck = 0710;
				ORGANIZATIONNAME = "Ashton Chen";
				TargetAttributes = {
					30F578CA1BCF747A00656142 = {
						CreatedOnToolsVersion = 7.0.1;
						DevelopmentTeam = SCKNJSRVS6;
					};
					30F578DE1BCF747A00656142 = {
						CreatedOnToolsVersion = 7.0.1;
						DevelopmentTeam = SCKNJSRVS6;
						TestTargetID = 30F578CA1BCF747A00656142;
					};
					30F578E91BCF747A00656142 = {
						CreatedOnToolsVersion = 7.0.1;
						DevelopmentTeam = SCKNJSRVS6;
						TestTargetID = 30F578CA1BCF747A00656142;
					};
				};
			};
			buildConfigurationList = 30F578C61BCF747A00656142 /* Build configuration list for PBXProject "RSSReader" */;
			compatibilityVersion = "Xcode 3.2";
			developmentRegion = English;
			hasScannedForEncodings = 0;
			knownRegions = (
				en,
				Base,
			);
			mainGroup = 30F578C21BCF747A00656142;
			productRefGroup = 30F578CC1BCF747A00656142 /* Products */;
			projectDirPath = "";
			projectRoot = "";
			targets = (
				30F578CA1BCF747A00656142 /* RSSReader */,
				30F578DE1BCF747A00656142 /* RSSReaderTests */,
				30F578E91BCF747A00656142 /* RSSReaderUITests */,
			);
		};
/* End PBXProject section */

/* Begin PBXResourcesBuildPhase section */
		30F578C91BCF747A00656142 /* Resources */ = {
			isa = PBXResourcesBuildPhase;
			buildActionMask = 2147483647;
			files = (
				30E99A171C0A2E8C0064C870 /* database.sqlite in Resources */,
				30E99A1A1C0A2E8C0064C870 /* Subscription.plist in Resources */,
				30E999B51C0A1F4E0064C870 /* Main.storyboard in Resources */,
				30F578D91BCF747A00656142 /* LaunchScreen.storyboard in Resources */,
				30E999C11C0A215F0064C870 /* canary.wav in Resources */,
				30E999C01C0A215F0064C870 /* Assets.xcassets in Resources */,
				30E999C21C0A215F0064C870 /* intro.mp4 in Resources */,
			);
			runOnlyForDeploymentPostprocessing = 0;
		};
		30F578DD1BCF747A00656142 /* Resources */ = {
			isa = PBXResourcesBuildPhase;
			buildActionMask = 2147483647;
			files = (
			);
			runOnlyForDeploymentPostprocessing = 0;
		};
		30F578E81BCF747A00656142 /* Resources */ = {
			isa = PBXResourcesBuildPhase;
			buildActionMask = 2147483647;
			files = (
			);
			runOnlyForDeploymentPostprocessing = 0;
		};
/* End PBXResourcesBuildPhase section */

/* Begin PBXSourcesBuildPhase section */
		30F578C71BCF747A00656142 /* Sources */ = {
			isa = PBXSourcesBuildPhase;
			buildActionMask = 2147483647;
			files = (
				30E99A781C0A53490064C870 /* SubscriptionTableViewCell.swift in Sources */,
				30E99A401C0A49C40064C870 /* RSSAllTableViewCell.swift in Sources */,
				30E99A431C0A49C40064C870 /* WebViewController.swift in Sources */,
				30E99A771C0A53490064C870 /* Subscriptions.swift in Sources */,
				30E99A3C1C0A49C40064C870 /* ReaderTableViewController.swift in Sources */,
				30E999C31C0A215F0064C870 /* IntroductionVideoViewController.swift in Sources */,
				30E99A4A1C0A4AD70064C870 /* StringExtension.swift in Sources */,
				30E99A7A1C0A53B10064C870 /* Util.swift in Sources */,
				30E99A3F1C0A49C40064C870 /* XMLParser.swift in Sources */,
				30E999F81C0A293D0064C870 /* FMDatabase.m in Sources */,
				30E99A3E1C0A49C40064C870 /* FeedLoader.swift in Sources */,
				30E999FA1C0A293D0064C870 /* FMDatabasePool.m in Sources */,
				30E99A3D1C0A49C40064C870 /* Feed.swift in Sources */,
				30E999FC1C0A293D0064C870 /* FMResultSet.m in Sources */,
				30E99A731C0A53490064C870 /* SubscriptionTableViewController.swift in Sources */,
				30E99A741C0A53490064C870 /* ModelManager.swift in Sources */,
				30E999FB1C0A293D0064C870 /* FMDatabaseQueue.m in Sources */,
				30E99A191C0A2E8C0064C870 /* Plist.swift in Sources */,
				30E99A511C0A4B7E0064C870 /* FavoriteTableViewController.swift in Sources */,
				30E99A721C0A53490064C870 /* NewSubscriptionViewController.swift in Sources */,
				30F578CF1BCF747A00656142 /* AppDelegate.swift in Sources */,
				30E99A521C0A4B7E0064C870 /* FavoriteManager.swift in Sources */,
				30E999F91C0A293D0064C870 /* FMDatabaseAdditions.m in Sources */,
				303C85611C1118D50003884F /* SquareImage.swift in Sources */,
				30E99A421C0A49C40064C870 /* webview.swift in Sources */,
				30E99A761C0A53490064C870 /* Subscription.swift in Sources */,
			);
			runOnlyForDeploymentPostprocessing = 0;
		};
		30F578DB1BCF747A00656142 /* Sources */ = {
			isa = PBXSourcesBuildPhase;
			buildActionMask = 2147483647;
			files = (
				30F578E41BCF747A00656142 /* RSSReaderTests.swift in Sources */,
			);
			runOnlyForDeploymentPostprocessing = 0;
		};
		30F578E61BCF747A00656142 /* Sources */ = {
			isa = PBXSourcesBuildPhase;
			buildActionMask = 2147483647;
			files = (
				30F578EF1BCF747A00656142 /* RSSReaderUITests.swift in Sources */,
			);
			runOnlyForDeploymentPostprocessing = 0;
		};
/* End PBXSourcesBuildPhase section */

/* Begin PBXTargetDependency section */
		30F578E11BCF747A00656142 /* PBXTargetDependency */ = {
			isa = PBXTargetDependency;
			target = 30F578CA1BCF747A00656142 /* RSSReader */;
			targetProxy = 30F578E01BCF747A00656142 /* PBXContainerItemProxy */;
		};
		30F578EC1BCF747A00656142 /* PBXTargetDependency */ = {
			isa = PBXTargetDependency;
			target = 30F578CA1BCF747A00656142 /* RSSReader */;
			targetProxy = 30F578EB1BCF747A00656142 /* PBXContainerItemProxy */;
		};
/* End PBXTargetDependency section */

/* Begin PBXVariantGroup section */
		30F578D21BCF747A00656142 /* Main.storyboard */ = {
			isa = PBXVariantGroup;
			children = (
				30F578D31BCF747A00656142 /* Base */,
			);
			name = Main.storyboard;
			sourceTree = "<group>";
		};
		30F578D71BCF747A00656142 /* LaunchScreen.storyboard */ = {
			isa = PBXVariantGroup;
			children = (
				30F578D81BCF747A00656142 /* Base */,
			);
			name = LaunchScreen.storyboard;
			sourceTree = "<group>";
		};
/* End PBXVariantGroup section */

/* Begin XCBuildConfiguration section */
		30F578F11BCF747A00656142 /* Debug */ = {
			isa = XCBuildConfiguration;
			buildSettings = {
				ALWAYS_SEARCH_USER_PATHS = NO;
				CLANG_CXX_LANGUAGE_STANDARD = "gnu++0x";
				CLANG_CXX_LIBRARY = "libc++";
				CLANG_ENABLE_MODULES = YES;
				CLANG_ENABLE_OBJC_ARC = YES;
				CLANG_WARN_BOOL_CONVERSION = YES;
				CLANG_WARN_CONSTANT_CONVERSION = YES;
				CLANG_WARN_DIRECT_OBJC_ISA_USAGE = YES_ERROR;
				CLANG_WARN_EMPTY_BODY = YES;
				CLANG_WARN_ENUM_CONVERSION = YES;
				CLANG_WARN_INT_CONVERSION = YES;
				CLANG_WARN_OBJC_ROOT_CLASS = YES_ERROR;
				CLANG_WARN_UNREACHABLE_CODE = YES;
				CLANG_WARN__DUPLICATE_METHOD_MATCH = YES;
				"CODE_SIGN_IDENTITY[sdk=iphoneos*]" = "iPhone Developer";
				COPY_PHASE_STRIP = NO;
				DEBUG_INFORMATION_FORMAT = dwarf;
				ENABLE_STRICT_OBJC_MSGSEND = YES;
				ENABLE_TESTABILITY = YES;
				GCC_C_LANGUAGE_STANDARD = gnu99;
				GCC_DYNAMIC_NO_PIC = NO;
				GCC_NO_COMMON_BLOCKS = YES;
				GCC_OPTIMIZATION_LEVEL = 0;
				GCC_PREPROCESSOR_DEFINITIONS = (
					"DEBUG=1",
					"$(inherited)",
				);
				GCC_WARN_64_TO_32_BIT_CONVERSION = YES;
				GCC_WARN_ABOUT_RETURN_TYPE = YES_ERROR;
				GCC_WARN_UNDECLARED_SELECTOR = YES;
				GCC_WARN_UNINITIALIZED_AUTOS = YES_AGGRESSIVE;
				GCC_WARN_UNUSED_FUNCTION = YES;
				GCC_WARN_UNUSED_VARIABLE = YES;
				IPHONEOS_DEPLOYMENT_TARGET = 9.0;
				MTL_ENABLE_DEBUG_INFO = YES;
				ONLY_ACTIVE_ARCH = YES;
				SDKROOT = iphoneos;
				SWIFT_OPTIMIZATION_LEVEL = "-Onone";
				TARGETED_DEVICE_FAMILY = "1,2";
			};
			name = Debug;
		};
		30F578F21BCF747A00656142 /* Release */ = {
			isa = XCBuildConfiguration;
			buildSettings = {
				ALWAYS_SEARCH_USER_PATHS = NO;
				CLANG_CXX_LANGUAGE_STANDARD = "gnu++0x";
				CLANG_CXX_LIBRARY = "libc++";
				CLANG_ENABLE_MODULES = YES;
				CLANG_ENABLE_OBJC_ARC = YES;
				CLANG_WARN_BOOL_CONVERSION = YES;
				CLANG_WARN_CONSTANT_CONVERSION = YES;
				CLANG_WARN_DIRECT_OBJC_ISA_USAGE = YES_ERROR;
				CLANG_WARN_EMPTY_BODY = YES;
				CLANG_WARN_ENUM_CONVERSION = YES;
				CLANG_WARN_INT_CONVERSION = YES;
				CLANG_WARN_OBJC_ROOT_CLASS = YES_ERROR;
				CLANG_WARN_UNREACHABLE_CODE = YES;
				CLANG_WARN__DUPLICATE_METHOD_MATCH = YES;
				"CODE_SIGN_IDENTITY[sdk=iphoneos*]" = "iPhone Developer";
				COPY_PHASE_STRIP = NO;
				DEBUG_INFORMATION_FORMAT = "dwarf-with-dsym";
				ENABLE_NS_ASSERTIONS = NO;
				ENABLE_STRICT_OBJC_MSGSEND = YES;
				GCC_C_LANGUAGE_STANDARD = gnu99;
				GCC_NO_COMMON_BLOCKS = YES;
				GCC_WARN_64_TO_32_BIT_CONVERSION = YES;
				GCC_WARN_ABOUT_RETURN_TYPE = YES_ERROR;
				GCC_WARN_UNDECLARED_SELECTOR = YES;
				GCC_WARN_UNINITIALIZED_AUTOS = YES_AGGRESSIVE;
				GCC_WARN_UNUSED_FUNCTION = YES;
				GCC_WARN_UNUSED_VARIABLE = YES;
				IPHONEOS_DEPLOYMENT_TARGET = 9.0;
				MTL_ENABLE_DEBUG_INFO = NO;
				SDKROOT = iphoneos;
				TARGETED_DEVICE_FAMILY = "1,2";
				VALIDATE_PRODUCT = YES;
			};
			name = Release;
		};
		30F578F41BCF747A00656142 /* Debug */ = {
			isa = XCBuildConfiguration;
			buildSettings = {
				ASSETCATALOG_COMPILER_APPICON_NAME = AppIcon;
				CLANG_ALLOW_NON_MODULAR_INCLUDES_IN_FRAMEWORK_MODULES = NO;
				CODE_SIGN_IDENTITY = "iPhone Developer";
				"CODE_SIGN_IDENTITY[sdk=iphoneos*]" = "iPhone Developer";
				INFOPLIST_FILE = ./RSSReader/Data/Info.plist;
				LD_RUNPATH_SEARCH_PATHS = "$(inherited) @executable_path/Frameworks";
				PRODUCT_BUNDLE_IDENTIFIER = com.ashtonchen.RSSReader;
				PRODUCT_NAME = "$(TARGET_NAME)";
				PROVISIONING_PROFILE = "";
				SWIFT_OBJC_BRIDGING_HEADER = "./RSSReader/Library/RSSReader-Bridging-Header.h";
			};
			name = Debug;
		};
		30F578F51BCF747A00656142 /* Release */ = {
			isa = XCBuildConfiguration;
			buildSettings = {
				ASSETCATALOG_COMPILER_APPICON_NAME = AppIcon;
				CLANG_ALLOW_NON_MODULAR_INCLUDES_IN_FRAMEWORK_MODULES = NO;
				CODE_SIGN_IDENTITY = "iPhone Developer";
				"CODE_SIGN_IDENTITY[sdk=iphoneos*]" = "iPhone Developer";
				INFOPLIST_FILE = ./RSSReader/Data/Info.plist;
				LD_RUNPATH_SEARCH_PATHS = "$(inherited) @executable_path/Frameworks";
				PRODUCT_BUNDLE_IDENTIFIER = com.ashtonchen.RSSReader;
				PRODUCT_NAME = "$(TARGET_NAME)";
				PROVISIONING_PROFILE = "";
				SWIFT_OBJC_BRIDGING_HEADER = "./RSSReader/Library/RSSReader-Bridging-Header.h";
			};
			name = Release;
		};
		30F578F71BCF747A00656142 /* Debug */ = {
			isa = XCBuildConfiguration;
			buildSettings = {
				BUNDLE_LOADER = "$(TEST_HOST)";
				INFOPLIST_FILE = RSSReaderTests/Info.plist;
				LD_RUNPATH_SEARCH_PATHS = "$(inherited) @executable_path/Frameworks @loader_path/Frameworks";
				PRODUCT_BUNDLE_IDENTIFIER = com.ashtonchen.RSSReaderTests;
				PRODUCT_NAME = "$(TARGET_NAME)";
				TEST_HOST = "$(BUILT_PRODUCTS_DIR)/RSSReader.app/RSSReader";
			};
			name = Debug;
		};
		30F578F81BCF747A00656142 /* Release */ = {
			isa = XCBuildConfiguration;
			buildSettings = {
				BUNDLE_LOADER = "$(TEST_HOST)";
				INFOPLIST_FILE = RSSReaderTests/Info.plist;
				LD_RUNPATH_SEARCH_PATHS = "$(inherited) @executable_path/Frameworks @loader_path/Frameworks";
				PRODUCT_BUNDLE_IDENTIFIER = com.ashtonchen.RSSReaderTests;
				PRODUCT_NAME = "$(TARGET_NAME)";
				TEST_HOST = "$(BUILT_PRODUCTS_DIR)/RSSReader.app/RSSReader";
			};
			name = Release;
		};
		30F578FA1BCF747A00656142 /* Debug */ = {
			isa = XCBuildConfiguration;
			buildSettings = {
				INFOPLIST_FILE = RSSReaderUITests/Info.plist;
				LD_RUNPATH_SEARCH_PATHS = "$(inherited) @executable_path/Frameworks @loader_path/Frameworks";
				PRODUCT_BUNDLE_IDENTIFIER = com.ashtonchen.RSSReaderUITests;
				PRODUCT_NAME = "$(TARGET_NAME)";
				TEST_TARGET_NAME = RSSReader;
				USES_XCTRUNNER = YES;
			};
			name = Debug;
		};
		30F578FB1BCF747A00656142 /* Release */ = {
			isa = XCBuildConfiguration;
			buildSettings = {
				INFOPLIST_FILE = RSSReaderUITests/Info.plist;
				LD_RUNPATH_SEARCH_PATHS = "$(inherited) @executable_path/Frameworks @loader_path/Frameworks";
				PRODUCT_BUNDLE_IDENTIFIER = com.ashtonchen.RSSReaderUITests;
				PRODUCT_NAME = "$(TARGET_NAME)";
				TEST_TARGET_NAME = RSSReader;
				USES_XCTRUNNER = YES;
			};
			name = Release;
		};
/* End XCBuildConfiguration section */

/* Begin XCConfigurationList section */
		30F578C61BCF747A00656142 /* Build configuration list for PBXProject "RSSReader" */ = {
			isa = XCConfigurationList;
			buildConfigurations = (
				30F578F11BCF747A00656142 /* Debug */,
				30F578F21BCF747A00656142 /* Release */,
			);
			defaultConfigurationIsVisible = 0;
			defaultConfigurationName = Release;
		};
		30F578F31BCF747A00656142 /* Build configuration list for PBXNativeTarget "RSSReader" */ = {
			isa = XCConfigurationList;
			buildConfigurations = (
				30F578F41BCF747A00656142 /* Debug */,
				30F578F51BCF747A00656142 /* Release */,
			);
			defaultConfigurationIsVisible = 0;
			defaultConfigurationName = Release;
		};
		30F578F61BCF747A00656142 /* Build configuration list for PBXNativeTarget "RSSReaderTests" */ = {
			isa = XCConfigurationList;
			buildConfigurations = (
				30F578F71BCF747A00656142 /* Debug */,
				30F578F81BCF747A00656142 /* Release */,
			);
			defaultConfigurationIsVisible = 0;
			defaultConfigurationName = Release;
		};
		30F578F91BCF747A00656142 /* Build configuration list for PBXNativeTarget "RSSReaderUITests" */ = {
			isa = XCConfigurationList;
			buildConfigurations = (
				30F578FA1BCF747A00656142 /* Debug */,
				30F578FB1BCF747A00656142 /* Release */,
			);
			defaultConfigurationIsVisible = 0;
			defaultConfigurationName = Release;
		};
/* End XCConfigurationList section */
	};
	rootObject = 30F578C31BCF747A00656142 /* Project object */;
}
